# generated by rye
# use `rye lock` or `rye sync` to update this lockfile
#
# last locked with the following flags:
#   pre: false
#   features: []
#   all-features: true
#   with-sources: false

-e file:.
beartype==0.18.5
    # via plum-dispatch
cachetools==5.3.3
    # via netext
contourpy==1.2.1
    # via matplotlib
cycler==0.12.1
    # via matplotlib
fonttools==4.52.4
    # via matplotlib
grandalf==0.8
    # via netext
kiwisolver==1.4.5
    # via matplotlib
markdown-it-py==3.0.0
    # via rich
matplotlib==3.9.0
    # via networkx
mdurl==0.1.2
    # via markdown-it-py
networkx==3.3
    # via netext
numpy==1.26.4
    # via contourpy
    # via matplotlib
    # via networkx
    # via pandas
    # via scipy
    # via shapely
packaging==24.0
    # via matplotlib
pandas==2.2.2
    # via networkx
pillow==10.3.0
    # via matplotlib
plum-dispatch==2.3.6
    # via netext
pygments==2.18.0
    # via rich
pyparsing==3.1.2
    # via grandalf
    # via matplotlib
python-dateutil==2.9.0.post0
    # via matplotlib
    # via pandas
pytz==2024.1
    # via pandas
rich==13.7.1
    # via netext
    # via plum-dispatch
rtree==1.2.0
    # via netext
scipy==1.13.1
    # via networkx
shapely==2.0.4
    # via netext
six==1.16.0
    # via python-dateutil
tzdata==2024.1
    # via pandas
